// !$*UTF8*$!
{
	archiveVersion = 1;
	classes = {
	};
	objectVersion = 50;
	objects = {

/* Begin PBXBuildFile section */
		1A88BD2E20D305C10021685A /* main.swift in Sources */ = {isa = PBXBuildFile; fileRef = 1A88BD2D20D305C10021685A /* main.swift */; };
		1A88BD3520D3060E0021685A /* BrassBitCoinBlock.swift in Sources */ = {isa = PBXBuildFile; fileRef = 1A88BD3420D3060E0021685A /* BrassBitCoinBlock.swift */; };
		1A88BD3720D306430021685A /* Miner.swift in Sources */ = {isa = PBXBuildFile; fileRef = 1A88BD3620D306430021685A /* Miner.swift */; };
		1A88BD3A20D306B80021685A /* SHA256.swift in Sources */ = {isa = PBXBuildFile; fileRef = 1A88BD3920D306B80021685A /* SHA256.swift */; };
		1A88BD3C20D30F220021685A /* BlockChain.swift in Sources */ = {isa = PBXBuildFile; fileRef = 1A88BD3B20D30F220021685A /* BlockChain.swift */; };
		1AEBDDC220DD78EA0031E82D /* API.swift in Sources */ = {isa = PBXBuildFile; fileRef = 1AEBDDC120DD78EA0031E82D /* API.swift */; };
/* End PBXBuildFile section */

/* Begin PBXCopyFilesBuildPhase section */
		1A88BD2820D305C10021685A /* CopyFiles */ = {
			isa = PBXCopyFilesBuildPhase;
			buildActionMask = 2147483647;
			dstPath = /usr/share/man/man1/;
			dstSubfolderSpec = 0;
			files = (
			);
			runOnlyForDeploymentPostprocessing = 1;
		};
/* End PBXCopyFilesBuildPhase section */

/* Begin PBXFileReference section */
		1A88BD2A20D305C10021685A /* BrassBitCoin */ = {isa = PBXFileReference; explicitFileType = "compiled.mach-o.executable"; includeInIndex = 0; path = BrassBitCoin; sourceTree = BUILT_PRODUCTS_DIR; };
		1A88BD2D20D305C10021685A /* main.swift */ = {isa = PBXFileReference; lastKnownFileType = sourcecode.swift; path = main.swift; sourceTree = "<group>"; };
		1A88BD3420D3060E0021685A /* BrassBitCoinBlock.swift */ = {isa = PBXFileReference; lastKnownFileType = sourcecode.swift; path = BrassBitCoinBlock.swift; sourceTree = "<group>"; };
		1A88BD3620D306430021685A /* Miner.swift */ = {isa = PBXFileReference; lastKnownFileType = sourcecode.swift; path = Miner.swift; sourceTree = "<group>"; };
		1A88BD3920D306B80021685A /* SHA256.swift */ = {isa = PBXFileReference; lastKnownFileType = sourcecode.swift; path = SHA256.swift; sourceTree = "<group>"; };
		1A88BD3B20D30F220021685A /* BlockChain.swift */ = {isa = PBXFileReference; lastKnownFileType = sourcecode.swift; path = BlockChain.swift; sourceTree = "<group>"; };
		1AEBDDC120DD78EA0031E82D /* API.swift */ = {isa = PBXFileReference; lastKnownFileType = sourcecode.swift; path = API.swift; sourceTree = "<group>"; };
/* End PBXFileReference section */

/* Begin PBXFrameworksBuildPhase section */
		1A88BD2720D305C10021685A /* Frameworks */ = {
			isa = PBXFrameworksBuildPhase;
			buildActionMask = 2147483647;
			files = (
			);
			runOnlyForDeploymentPostprocessing = 0;
		};
/* End PBXFrameworksBuildPhase section */

/* Begin PBXGroup section */
		1A88BD2120D305C10021685A = {
			isa = PBXGroup;
			children = (
				1A88BD2C20D305C10021685A /* BrassBitCoin */,
				1A88BD2B20D305C10021685A /* Products */,
			);
			sourceTree = "<group>";
		};
		1A88BD2B20D305C10021685A /* Products */ = {
			isa = PBXGroup;
			children = (
				1A88BD2A20D305C10021685A /* BrassBitCoin */,
			);
			name = Products;
			sourceTree = "<group>";
		};
		1A88BD2C20D305C10021685A /* BrassBitCoin */ = {
			isa = PBXGroup;
			children = (
				1A88BD3820D3069F0021685A /* Helpers */,
				1A88BD2D20D305C10021685A /* main.swift */,
				1A88BD3420D3060E0021685A /* BrassBitCoinBlock.swift */,
				1A88BD3620D306430021685A /* Miner.swift */,
				1A88BD3B20D30F220021685A /* BlockChain.swift */,
			);
			path = BrassBitCoin;
			sourceTree = "<group>";
		};
		1A88BD3820D3069F0021685A /* Helpers */ = {
			isa = PBXGroup;
			children = (
				1A88BD3920D306B80021685A /* SHA256.swift */,
				1AEBDDC120DD78EA0031E82D /* API.swift */,
			);
			path = Helpers;
			sourceTree = "<group>";
		};
/* End PBXGroup section */

/* Begin PBXNativeTarget section */
		1A88BD2920D305C10021685A /* BrassBitCoin */ = {
			isa = PBXNativeTarget;
			buildConfigurationList = 1A88BD3120D305C10021685A /* Build configuration list for PBXNativeTarget "BrassBitCoin" */;
			buildPhases = (
				1A88BD2620D305C10021685A /* Sources */,
				1A88BD2720D305C10021685A /* Frameworks */,
				1A88BD2820D305C10021685A /* CopyFiles */,
			);
			buildRules = (
			);
			dependencies = (
			);
			name = BrassBitCoin;
			productName = BrassBitCoin;
			productReference = 1A88BD2A20D305C10021685A /* BrassBitCoin */;
			productType = "com.apple.product-type.tool";
		};
/* End PBXNativeTarget section */

/* Begin PBXProject section */
		1A88BD2220D305C10021685A /* Project object */ = {
			isa = PBXProject;
			attributes = {
				LastSwiftUpdateCheck = 0940;
				LastUpgradeCheck = 0940;
				ORGANIZATIONNAME = YorkDojo;
				TargetAttributes = {
					1A88BD2920D305C10021685A = {
						CreatedOnToolsVersion = 9.4;
					};
				};
			};
			buildConfigurationList = 1A88BD2520D305C10021685A /* Build configuration list for PBXProject "BrassBitCoin" */;
			compatibilityVersion = "Xcode 9.3";
			developmentRegion = en;
			hasScannedForEncodings = 0;
			knownRegions = (
				en,
			);
			mainGroup = 1A88BD2120D305C10021685A;
			productRefGroup = 1A88BD2B20D305C10021685A /* Products */;
			projectDirPath = "";
			projectRoot = "";
			targets = (
				1A88BD2920D305C10021685A /* BrassBitCoin */,
			);
		};
/* End PBXProject section */

/* Begin PBXSourcesBuildPhase section */
		1A88BD2620D305C10021685A /* Sources */ = {
			isa = PBXSourcesBuildPhase;
			buildActionMask = 2147483647;
			files = (
				1A88BD3A20D306B80021685A /* SHA256.swift in Sources */,
				1A88BD3720D306430021685A /* Miner.swift in Sources */,
				1A88BD3520D3060E0021685A /* BrassBitCoinBlock.swift in Sources */,
				1A88BD3C20D30F220021685A /* BlockChain.swift in Sources */,
				1AEBDDC220DD78EA0031E82D /* API.swift in Sources */,
				1A88BD2E20D305C10021685A /* main.swift in Sources */,
			);
			runOnlyForDeploymentPostprocessing = 0;
		};
/* End PBXSourcesBuildPhase section */

/* Begin XCBuildConfiguration section */
		1A88BD2F20D305C10021685A /* Debug */ = {
			isa = XCBuildConfiguration;
			buildSettings = {
				ALWAYS_SEARCH_USER_PATHS = NO;
				CLANG_ANALYZER_NONNULL = YES;
				CLANG_ANALYZER_NUMBER_OBJECT_CONVERSION = YES_AGGRESSIVE;
				CLANG_CXX_LANGUAGE_STANDARD = "gnu++14";
				CLANG_CXX_LIBRARY = "libc++";
				CLANG_ENABLE_MODULES = YES;
				CLANG_ENABLE_OBJC_ARC = YES;
				CLANG_ENABLE_OBJC_WEAK = YES;
				CLANG_WARN_BLOCK_CAPTURE_AUTORELEASING = YES;
				CLANG_WARN_BOOL_CONVERSION = YES;
				CLANG_WARN_COMMA = YES;
				CLANG_WARN_CONSTANT_CONVERSION = YES;
				CLANG_WARN_DEPRECATED_OBJC_IMPLEMENTATIONS = YES;
				CLANG_WARN_DIRECT_OBJC_ISA_USAGE = YES_ERROR;
				CLANG_WARN_DOCUMENTATION_COMMENTS = YES;
				CLANG_WARN_EMPTY_BODY = YES;
				CLANG_WARN_ENUM_CONVERSION = YES;
				CLANG_WARN_INFINITE_RECURSION = YES;
				CLANG_WARN_INT_CONVERSION = YES;
				CLANG_WARN_NON_LITERAL_NULL_CONVERSION = YES;
				CLANG_WARN_OBJC_IMPLICIT_RETAIN_SELF = YES;
				CLANG_WARN_OBJC_LITERAL_CONVERSION = YES;
				CLANG_WARN_OBJC_ROOT_CLASS = YES_ERROR;
				CLANG_WARN_RANGE_LOOP_ANALYSIS = YES;
				CLANG_WARN_STRICT_PROTOTYPES = YES;
				CLANG_WARN_SUSPICIOUS_MOVE = YES;
				CLANG_WARN_UNGUARDED_AVAILABILITY = YES_AGGRESSIVE;
				CLANG_WARN_UNREACHABLE_CODE = YES;
				CLANG_WARN__DUPLICATE_METHOD_MATCH = YES;
				CODE_SIGN_IDENTITY = "Mac Developer";
				COPY_PHASE_STRIP = NO;
				DEBUG_INFORMATION_FORMAT = dwarf;
				ENABLE_STRICT_OBJC_MSGSEND = YES;
				ENABLE_TESTABILITY = YES;
				GCC_C_LANGUAGE_STANDARD = gnu11;
				GCC_DYNAMIC_NO_PIC = NO;
				GCC_NO_COMMON_BLOCKS = YES;
				GCC_OPTIMIZATION_LEVEL = 0;
				GCC_PREPROCESSOR_DEFINITIONS = (
					"DEBUG=1",
					"$(inherited)",
				);
				GCC_WARN_64_TO_32_BIT_CONVERSION = YES;
				GCC_WARN_ABOUT_RETURN_TYPE = YES_ERROR;
				GCC_WARN_UNDECLARED_SELECTOR = YES;
				GCC_WARN_UNINITIALIZED_AUTOS = YES_AGGRESSIVE;
				GCC_WARN_UNUSED_FUNCTION = YES;
				GCC_WARN_UNUSED_VARIABLE = YES;
				MACOSX_DEPLOYMENT_TARGET = 10.13;
				MTL_ENABLE_DEBUG_INFO = YES;
				ONLY_ACTIVE_ARCH = YES;
				SDKROOT = macosx;
				SWIFT_ACTIVE_COMPILATION_CONDITIONS = DEBUG;
				SWIFT_OPTIMIZATION_LEVEL = "-Onone";
			};
			name = Debug;
		};
		1A88BD3020D305C10021685A /* Release */ = {
			isa = XCBuildConfiguration;
			buildSettings = {
				ALWAYS_SEARCH_USER_PATHS = NO;
				CLANG_ANALYZER_NONNULL = YES;
				CLANG_ANALYZER_NUMBER_OBJECT_CONVERSION = YES_AGGRESSIVE;
				CLANG_CXX_LANGUAGE_STANDARD = "gnu++14";
				CLANG_CXX_LIBRARY = "libc++";
				CLANG_ENABLE_MODULES = YES;
				CLANG_ENABLE_OBJC_ARC = YES;
				CLANG_ENABLE_OBJC_WEAK = YES;
				CLANG_WARN_BLOCK_CAPTURE_AUTORELEASING = YES;
				CLANG_WARN_BOOL_CONVERSION = YES;
				CLANG_WARN_COMMA = YES;
				CLANG_WARN_CONSTANT_CONVERSION = YES;
				CLANG_WARN_DEPRECATED_OBJC_IMPLEMENTATIONS = YES;
				CLANG_WARN_DIRECT_OBJC_ISA_USAGE = YES_ERROR;
				CLANG_WARN_DOCUMENTATION_COMMENTS = YES;
				CLANG_WARN_EMPTY_BODY = YES;
				CLANG_WARN_ENUM_CONVERSION = YES;
				CLANG_WARN_INFINITE_RECURSION = YES;
				CLANG_WARN_INT_CONVERSION = YES;
				CLANG_WARN_NON_LITERAL_NULL_CONVERSION = YES;
				CLANG_WARN_OBJC_IMPLICIT_RETAIN_SELF = YES;
				CLANG_WARN_OBJC_LITERAL_CONVERSION = YES;
				CLANG_WARN_OBJC_ROOT_CLASS = YES_ERROR;
				CLANG_WARN_RANGE_LOOP_ANALYSIS = YES;
				CLANG_WARN_STRICT_PROTOTYPES = YES;
				CLANG_WARN_SUSPICIOUS_MOVE = YES;
				CLANG_WARN_UNGUARDED_AVAILABILITY = YES_AGGRESSIVE;
				CLANG_WARN_UNREACHABLE_CODE = YES;
				CLANG_WARN__DUPLICATE_METHOD_MATCH = YES;
				CODE_SIGN_IDENTITY = "Mac Developer";
				COPY_PHASE_STRIP = NO;
				DEBUG_INFORMATION_FORMAT = "dwarf-with-dsym";
				ENABLE_NS_ASSERTIONS = NO;
				ENABLE_STRICT_OBJC_MSGSEND = YES;
				GCC_C_LANGUAGE_STANDARD = gnu11;
				GCC_NO_COMMON_BLOCKS = YES;
				GCC_WARN_64_TO_32_BIT_CONVERSION = YES;
				GCC_WARN_ABOUT_RETURN_TYPE = YES_ERROR;
				GCC_WARN_UNDECLARED_SELECTOR = YES;
				GCC_WARN_UNINITIALIZED_AUTOS = YES_AGGRESSIVE;
				GCC_WARN_UNUSED_FUNCTION = YES;
				GCC_WARN_UNUSED_VARIABLE = YES;
				MACOSX_DEPLOYMENT_TARGET = 10.13;
				MTL_ENABLE_DEBUG_INFO = NO;
				SDKROOT = macosx;
				SWIFT_COMPILATION_MODE = wholemodule;
				SWIFT_OPTIMIZATION_LEVEL = "-O";
			};
			name = Release;
		};
		1A88BD3220D305C10021685A /* Debug */ = {
			isa = XCBuildConfiguration;
			buildSettings = {
				CODE_SIGN_STYLE = Automatic;
				DEVELOPMENT_TEAM = KLG93AGHTX;
				PRODUCT_NAME = "$(TARGET_NAME)";
				SWIFT_VERSION = 4.0;
			};
			name = Debug;
		};
		1A88BD3320D305C10021685A /* Release */ = {
			isa = XCBuildConfiguration;
			buildSettings = {
				CODE_SIGN_STYLE = Automatic;
				DEVELOPMENT_TEAM = KLG93AGHTX;
				PRODUCT_NAME = "$(TARGET_NAME)";
				SWIFT_VERSION = 4.0;
			};
			name = Release;
		};
/* End XCBuildConfiguration section */

/* Begin XCConfigurationList section */
		1A88BD2520D305C10021685A /* Build configuration list for PBXProject "BrassBitCoin" */ = {
			isa = XCConfigurationList;
			buildConfigurations = (
				1A88BD2F20D305C10021685A /* Debug */,
				1A88BD3020D305C10021685A /* Release */,
			);
			defaultConfigurationIsVisible = 0;
			defaultConfigurationName = Release;
		};
		1A88BD3120D305C10021685A /* Build configuration list for PBXNativeTarget "BrassBitCoin" */ = {
			isa = XCConfigurationList;
			buildConfigurations = (
				1A88BD3220D305C10021685A /* Debug */,
				1A88BD3320D305C10021685A /* Release */,
			);
			defaultConfigurationIsVisible = 0;
			defaultConfigurationName = Release;
		};
/* End XCConfigurationList section */
	};
	rootObject = 1A88BD2220D305C10021685A /* Project object */;
}
